dependencies:
- name: argo-cd
  repository: https://argoproj.github.io/argo-helm
  version: 9.4.1
- name: argo-rollouts
  repository: https://argoproj.github.io/argo-helm
  version: 2.40.5
- name: argocd-image-updater
  repository: https://argoproj.github.io/argo-helm
  version: 1.1.0
digest: sha256:9bb22d86966151bd7fca11ce3671007c8de320395123ea92fca34bf02053aa1b
generated: "2026-02-12T16:08:25.938423961+01:00"
